
Microsoft Visual Studio Solution File, Format Version 12.00
# Visual Studio 15
VisualStudioVersion = 15.0.27428.2037
MinimumVisualStudioVersion = 10.0.40219.1
Project("{FAE04EC0-301F-11D3-BF4B-00C04F79EFBC}") = "Calculas", "Calculas\Calculas.csproj", "{53D73914-1026-4D25-BAEB-3BDF9DEA8CDA}"
EndProject
Global
	GlobalSection(SolutionConfigurationPlatforms) = preSolution
		Debug|Any CPU = Debug|Any CPU
		Release|Any CPU = Release|Any CPU
	EndGlobalSection
	GlobalSection(ProjectConfigurationPlatforms) = postSolution
		{53D73914-1026-4D25-BAEB-3BDF9DEA8CDA}.Debug|Any CPU.ActiveCfg = Debug|Any CPU
		{53D73914-1026-4D25-BAEB-3BDF9DEA8CDA}.Debug|Any CPU.Build.0 = Debug|Any CPU
		{53D73914-1026-4D25-BAEB-3BDF9DEA8CDA}.Release|Any CPU.ActiveCfg = Release|Any CPU
		{53D73914-1026-4D25-BAEB-3BDF9DEA8CDA}.Release|Any CPU.Build.0 = Release|Any CPU
	EndGlobalSection
	GlobalSection(SolutionProperties) = preSolution
		HideSolutionNode = FALSE
	EndGlobalSection
	GlobalSection(ExtensibilityGlobals) = postSolution
		SolutionGuid = {3748E2DA-FB01-412E-9AB9-74DD1CCFD8AD}
	EndGlobalSection
EndGlobal
